// !$*UTF8*$!
{
	archiveVersion = 1;
	classes = {
	};
	objectVersion = 46;
	objects = {

/* Begin PBXBuildFile section */
		18B6DDCF1C3F4EC100153E88 /* get.png in Resources */ = {isa = PBXBuildFile; fileRef = 18B6DDCE1C3F4EC100153E88 /* get.png */; };
		18B6DDD21C3F4F1100153E88 /* YGPCache.m in Sources */ = {isa = PBXBuildFile; fileRef = 18B6DDD11C3F4F1100153E88 /* YGPCache.m */; };
		18B6DDD51C3F501600153E88 /* YGPCacheDisk.m in Sources */ = {isa = PBXBuildFile; fileRef = 18B6DDD41C3F501600153E88 /* YGPCacheDisk.m */; };
		18B6DDD81C3F52E500153E88 /* YGPCacheMemory.m in Sources */ = {isa = PBXBuildFile; fileRef = 18B6DDD71C3F52E500153E88 /* YGPCacheMemory.m */; };
		59F2E1621C20677800D5E078 /* main.m in Sources */ = {isa = PBXBuildFile; fileRef = 59F2E1611C20677800D5E078 /* main.m */; };
		59F2E1651C20677800D5E078 /* AppDelegate.m in Sources */ = {isa = PBXBuildFile; fileRef = 59F2E1641C20677800D5E078 /* AppDelegate.m */; };
		59F2E1681C20677800D5E078 /* ViewController.m in Sources */ = {isa = PBXBuildFile; fileRef = 59F2E1671C20677800D5E078 /* ViewController.m */; };
		59F2E16B1C20677800D5E078 /* Main.storyboard in Resources */ = {isa = PBXBuildFile; fileRef = 59F2E1691C20677800D5E078 /* Main.storyboard */; };
		59F2E16D1C20677800D5E078 /* Assets.xcassets in Resources */ = {isa = PBXBuildFile; fileRef = 59F2E16C1C20677800D5E078 /* Assets.xcassets */; };
		59F2E1701C20677800D5E078 /* LaunchScreen.storyboard in Resources */ = {isa = PBXBuildFile; fileRef = 59F2E16E1C20677800D5E078 /* LaunchScreen.storyboard */; };
		59F2E17B1C20677800D5E078 /* YLSlideViewDemoTests.m in Sources */ = {isa = PBXBuildFile; fileRef = 59F2E17A1C20677800D5E078 /* YLSlideViewDemoTests.m */; };
		59F2E1861C20677800D5E078 /* YLSlideViewDemoUITests.m in Sources */ = {isa = PBXBuildFile; fileRef = 59F2E1851C20677800D5E078 /* YLSlideViewDemoUITests.m */; };
		59F2E1961C2067DF00D5E078 /* YLSlideTitleView.m in Sources */ = {isa = PBXBuildFile; fileRef = 59F2E1951C2067DF00D5E078 /* YLSlideTitleView.m */; };
		59F2E19C1C20680D00D5E078 /* YLSlideCell.m in Sources */ = {isa = PBXBuildFile; fileRef = 59F2E19B1C20680D00D5E078 /* YLSlideCell.m */; };
		59F2E1A01C20697200D5E078 /* YLSlideView.m in Sources */ = {isa = PBXBuildFile; fileRef = 59F2E19F1C20697200D5E078 /* YLSlideView.m */; };
/* End PBXBuildFile section */

/* Begin PBXContainerItemProxy section */
		59F2E1771C20677800D5E078 /* PBXContainerItemProxy */ = {
			isa = PBXContainerItemProxy;
			containerPortal = 59F2E1551C20677800D5E078 /* Project object */;
			proxyType = 1;
			remoteGlobalIDString = 59F2E15C1C20677800D5E078;
			remoteInfo = YLSlideViewDemo;
		};
		59F2E1821C20677800D5E078 /* PBXContainerItemProxy */ = {
			isa = PBXContainerItemProxy;
			containerPortal = 59F2E1551C20677800D5E078 /* Project object */;
			proxyType = 1;
			remoteGlobalIDString = 59F2E15C1C20677800D5E078;
			remoteInfo = YLSlideViewDemo;
		};
/* End PBXContainerItemProxy section */

/* Begin PBXFileReference section */
		18B6DDCE1C3F4EC100153E88 /* get.png */ = {isa = PBXFileReference; lastKnownFileType = image.png; path = get.png; sourceTree = "<group>"; };
		18B6DDD01C3F4F1100153E88 /* YGPCache.h */ = {isa = PBXFileReference; fileEncoding = 4; lastKnownFileType = sourcecode.c.h; name = YGPCache.h; path = YLSlideView/YGPCache.h; sourceTree = "<group>"; };
		18B6DDD11C3F4F1100153E88 /* YGPCache.m */ = {isa = PBXFileReference; fileEncoding = 4; lastKnownFileType = sourcecode.c.objc; name = YGPCache.m; path = YLSlideView/YGPCache.m; sourceTree = "<group>"; };
		18B6DDD31C3F501600153E88 /* YGPCacheDisk.h */ = {isa = PBXFileReference; fileEncoding = 4; lastKnownFileType = sourcecode.c.h; name = YGPCacheDisk.h; path = YLSlideView/YGPCacheDisk.h; sourceTree = "<group>"; };
		18B6DDD41C3F501600153E88 /* YGPCacheDisk.m */ = {isa = PBXFileReference; fileEncoding = 4; lastKnownFileType = sourcecode.c.objc; name = YGPCacheDisk.m; path = YLSlideView/YGPCacheDisk.m; sourceTree = "<group>"; };
		18B6DDD61C3F52E500153E88 /* YGPCacheMemory.h */ = {isa = PBXFileReference; fileEncoding = 4; lastKnownFileType = sourcecode.c.h; name = YGPCacheMemory.h; path = YLSlideView/YGPCacheMemory.h; sourceTree = "<group>"; };
		18B6DDD71C3F52E500153E88 /* YGPCacheMemory.m */ = {isa = PBXFileReference; fileEncoding = 4; lastKnownFileType = sourcecode.c.objc; name = YGPCacheMemory.m; path = YLSlideView/YGPCacheMemory.m; sourceTree = "<group>"; };
		59F2E15D1C20677800D5E078 /* YLSlideViewDemo.app */ = {isa = PBXFileReference; explicitFileType = wrapper.application; includeInIndex = 0; path = YLSlideViewDemo.app; sourceTree = BUILT_PRODUCTS_DIR; };
		59F2E1611C20677800D5E078 /* main.m */ = {isa = PBXFileReference; lastKnownFileType = sourcecode.c.objc; path = main.m; sourceTree = "<group>"; };
		59F2E1631C20677800D5E078 /* AppDelegate.h */ = {isa = PBXFileReference; lastKnownFileType = sourcecode.c.h; path = AppDelegate.h; sourceTree = "<group>"; };
		59F2E1641C20677800D5E078 /* AppDelegate.m */ = {isa = PBXFileReference; lastKnownFileType = sourcecode.c.objc; path = AppDelegate.m; sourceTree = "<group>"; };
		59F2E1661C20677800D5E078 /* ViewController.h */ = {isa = PBXFileReference; lastKnownFileType = sourcecode.c.h; path = ViewController.h; sourceTree = "<group>"; };
		59F2E1671C20677800D5E078 /* ViewController.m */ = {isa = PBXFileReference; lastKnownFileType = sourcecode.c.objc; path = ViewController.m; sourceTree = "<group>"; };
		59F2E16A1C20677800D5E078 /* Base */ = {isa = PBXFileReference; lastKnownFileType = file.storyboard; name = Base; path = Base.lproj/Main.storyboard; sourceTree = "<group>"; };
		59F2E16C1C20677800D5E078 /* Assets.xcassets */ = {isa = PBXFileReference; lastKnownFileType = folder.assetcatalog; path = Assets.xcassets; sourceTree = "<group>"; };
		59F2E16F1C20677800D5E078 /* Base */ = {isa = PBXFileReference; lastKnownFileType = file.storyboard; name = Base; path = Base.lproj/LaunchScreen.storyboard; sourceTree = "<group>"; };
		59F2E1711C20677800D5E078 /* Info.plist */ = {isa = PBXFileReference; lastKnownFileType = text.plist.xml; path = Info.plist; sourceTree = "<group>"; };
		59F2E1761C20677800D5E078 /* YLSlideViewDemoTests.xctest */ = {isa = PBXFileReference; explicitFileType = wrapper.cfbundle; includeInIndex = 0; path = YLSlideViewDemoTests.xctest; sourceTree = BUILT_PRODUCTS_DIR; };
		59F2E17A1C20677800D5E078 /* YLSlideViewDemoTests.m */ = {isa = PBXFileReference; lastKnownFileType = sourcecode.c.objc; path = YLSlideViewDemoTests.m; sourceTree = "<group>"; };
		59F2E17C1C20677800D5E078 /* Info.plist */ = {isa = PBXFileReference; lastKnownFileType = text.plist.xml; path = Info.plist; sourceTree = "<group>"; };
		59F2E1811C20677800D5E078 /* YLSlideViewDemoUITests.xctest */ = {isa = PBXFileReference; explicitFileType = wrapper.cfbundle; includeInIndex = 0; path = YLSlideViewDemoUITests.xctest; sourceTree = BUILT_PRODUCTS_DIR; };
		59F2E1851C20677800D5E078 /* YLSlideViewDemoUITests.m */ = {isa = PBXFileReference; lastKnownFileType = sourcecode.c.objc; path = YLSlideViewDemoUITests.m; sourceTree = "<group>"; };
		59F2E1871C20677800D5E078 /* Info.plist */ = {isa = PBXFileReference; lastKnownFileType = text.plist.xml; path = Info.plist; sourceTree = "<group>"; };
		59F2E1941C2067DF00D5E078 /* YLSlideTitleView.h */ = {isa = PBXFileReference; fileEncoding = 4; lastKnownFileType = sourcecode.c.h; path = YLSlideTitleView.h; sourceTree = "<group>"; };
		59F2E1951C2067DF00D5E078 /* YLSlideTitleView.m */ = {isa = PBXFileReference; fileEncoding = 4; lastKnownFileType = sourcecode.c.objc; path = YLSlideTitleView.m; sourceTree = "<group>"; };
		59F2E19A1C20680D00D5E078 /* YLSlideCell.h */ = {isa = PBXFileReference; fileEncoding = 4; lastKnownFileType = sourcecode.c.h; path = YLSlideCell.h; sourceTree = "<group>"; };
		59F2E19B1C20680D00D5E078 /* YLSlideCell.m */ = {isa = PBXFileReference; fileEncoding = 4; lastKnownFileType = sourcecode.c.objc; path = YLSlideCell.m; sourceTree = "<group>"; };
		59F2E19D1C20684D00D5E078 /* YLSlideConfig.h */ = {isa = PBXFileReference; lastKnownFileType = sourcecode.c.h; path = YLSlideConfig.h; sourceTree = "<group>"; };
		59F2E19E1C20697200D5E078 /* YLSlideView.h */ = {isa = PBXFileReference; fileEncoding = 4; lastKnownFileType = sourcecode.c.h; path = YLSlideView.h; sourceTree = "<group>"; };
		59F2E19F1C20697200D5E078 /* YLSlideView.m */ = {isa = PBXFileReference; fileEncoding = 4; lastKnownFileType = sourcecode.c.objc; path = YLSlideView.m; sourceTree = "<group>"; };
/* End PBXFileReference section */

/* Begin PBXFrameworksBuildPhase section */
		59F2E15A1C20677800D5E078 /* Frameworks */ = {
			isa = PBXFrameworksBuildPhase;
			buildActionMask = 2147483647;
			files = (
			);
			runOnlyForDeploymentPostprocessing = 0;
		};
		59F2E1731C20677800D5E078 /* Frameworks */ = {
			isa = PBXFrameworksBuildPhase;
			buildActionMask = 2147483647;
			files = (
			);
			runOnlyForDeploymentPostprocessing = 0;
		};
		59F2E17E1C20677800D5E078 /* Frameworks */ = {
			isa = PBXFrameworksBuildPhase;
			buildActionMask = 2147483647;
			files = (
			);
			runOnlyForDeploymentPostprocessing = 0;
		};
/* End PBXFrameworksBuildPhase section */

/* Begin PBXGroup section */
		18B6DDD91C3F6A2D00153E88 /* YGPCache */ = {
			isa = PBXGroup;
			children = (
				18B6DDD01C3F4F1100153E88 /* YGPCache.h */,
				18B6DDD11C3F4F1100153E88 /* YGPCache.m */,
				18B6DDD31C3F501600153E88 /* YGPCacheDisk.h */,
				18B6DDD41C3F501600153E88 /* YGPCacheDisk.m */,
				18B6DDD61C3F52E500153E88 /* YGPCacheMemory.h */,
				18B6DDD71C3F52E500153E88 /* YGPCacheMemory.m */,
			);
			name = YGPCache;
			sourceTree = "<group>";
		};
		59F2E1541C20677800D5E078 = {
			isa = PBXGroup;
			children = (
				59F2E15F1C20677800D5E078 /* YLSlideViewDemo */,
				59F2E1791C20677800D5E078 /* YLSlideViewDemoTests */,
				59F2E1841C20677800D5E078 /* YLSlideViewDemoUITests */,
				59F2E15E1C20677800D5E078 /* Products */,
			);
			sourceTree = "<group>";
		};
		59F2E15E1C20677800D5E078 /* Products */ = {
			isa = PBXGroup;
			children = (
				59F2E15D1C20677800D5E078 /* YLSlideViewDemo.app */,
				59F2E1761C20677800D5E078 /* YLSlideViewDemoTests.xctest */,
				59F2E1811C20677800D5E078 /* YLSlideViewDemoUITests.xctest */,
			);
			name = Products;
			sourceTree = "<group>";
		};
		59F2E15F1C20677800D5E078 /* YLSlideViewDemo */ = {
			isa = PBXGroup;
			children = (
				18B6DDD91C3F6A2D00153E88 /* YGPCache */,
				59F2E1931C20678D00D5E078 /* YLSlideView */,
				59F2E1631C20677800D5E078 /* AppDelegate.h */,
				59F2E1641C20677800D5E078 /* AppDelegate.m */,
				59F2E1661C20677800D5E078 /* ViewController.h */,
				59F2E1671C20677800D5E078 /* ViewController.m */,
				59F2E1691C20677800D5E078 /* Main.storyboard */,
				59F2E16C1C20677800D5E078 /* Assets.xcassets */,
				59F2E16E1C20677800D5E078 /* LaunchScreen.storyboard */,
				59F2E1711C20677800D5E078 /* Info.plist */,
				59F2E1601C20677800D5E078 /* Supporting Files */,
			);
			path = YLSlideViewDemo;
			sourceTree = "<group>";
		};
		59F2E1601C20677800D5E078 /* Supporting Files */ = {
			isa = PBXGroup;
			children = (
				59F2E1611C20677800D5E078 /* main.m */,
			);
			name = "Supporting Files";
			sourceTree = "<group>";
		};
		59F2E1791C20677800D5E078 /* YLSlideViewDemoTests */ = {
			isa = PBXGroup;
			children = (
				59F2E17A1C20677800D5E078 /* YLSlideViewDemoTests.m */,
				59F2E17C1C20677800D5E078 /* Info.plist */,
			);
			path = YLSlideViewDemoTests;
			sourceTree = "<group>";
		};
		59F2E1841C20677800D5E078 /* YLSlideViewDemoUITests */ = {
			isa = PBXGroup;
			children = (
				59F2E1851C20677800D5E078 /* YLSlideViewDemoUITests.m */,
				59F2E1871C20677800D5E078 /* Info.plist */,
			);
			path = YLSlideViewDemoUITests;
			sourceTree = "<group>";
		};
		59F2E1931C20678D00D5E078 /* YLSlideView */ = {
			isa = PBXGroup;
			children = (
				18B6DDCE1C3F4EC100153E88 /* get.png */,
				59F2E19E1C20697200D5E078 /* YLSlideView.h */,
				59F2E19F1C20697200D5E078 /* YLSlideView.m */,
				59F2E1941C2067DF00D5E078 /* YLSlideTitleView.h */,
				59F2E1951C2067DF00D5E078 /* YLSlideTitleView.m */,
				59F2E19A1C20680D00D5E078 /* YLSlideCell.h */,
				59F2E19B1C20680D00D5E078 /* YLSlideCell.m */,
				59F2E19D1C20684D00D5E078 /* YLSlideConfig.h */,
			);
			path = YLSlideView;
			sourceTree = "<group>";
		};
/* End PBXGroup section */

/* Begin PBXNativeTarget section */
		59F2E15C1C20677800D5E078 /* YLSlideViewDemo */ = {
			isa = PBXNativeTarget;
			buildConfigurationList = 59F2E18A1C20677800D5E078 /* Build configuration list for PBXNativeTarget "YLSlideViewDemo" */;
			buildPhases = (
				59F2E1591C20677800D5E078 /* Sources */,
				59F2E15A1C20677800D5E078 /* Frameworks */,
				59F2E15B1C20677800D5E078 /* Resources */,
			);
			buildRules = (
			);
			dependencies = (
			);
			name = YLSlideViewDemo;
			productName = YLSlideViewDemo;
			productReference = 59F2E15D1C20677800D5E078 /* YLSlideViewDemo.app */;
			productType = "com.apple.product-type.application";
		};
		59F2E1751C20677800D5E078 /* YLSlideViewDemoTests */ = {
			isa = PBXNativeTarget;
			buildConfigurationList = 59F2E18D1C20677800D5E078 /* Build configuration list for PBXNativeTarget "YLSlideViewDemoTests" */;
			buildPhases = (
				59F2E1721C20677800D5E078 /* Sources */,
				59F2E1731C20677800D5E078 /* Frameworks */,
				59F2E1741C20677800D5E078 /* Resources */,
			);
			buildRules = (
			);
			dependencies = (
				59F2E1781C20677800D5E078 /* PBXTargetDependency */,
			);
			name = YLSlideViewDemoTests;
			productName = YLSlideViewDemoTests;
			productReference = 59F2E1761C20677800D5E078 /* YLSlideViewDemoTests.xctest */;
			productType = "com.apple.product-type.bundle.unit-test";
		};
		59F2E1801C20677800D5E078 /* YLSlideViewDemoUITests */ = {
			isa = PBXNativeTarget;
			buildConfigurationList = 59F2E1901C20677800D5E078 /* Build configuration list for PBXNativeTarget "YLSlideViewDemoUITests" */;
			buildPhases = (
				59F2E17D1C20677800D5E078 /* Sources */,
				59F2E17E1C20677800D5E078 /* Frameworks */,
				59F2E17F1C20677800D5E078 /* Resources */,
			);
			buildRules = (
			);
			dependencies = (
				59F2E1831C20677800D5E078 /* PBXTargetDependency */,
			);
			name = YLSlideViewDemoUITests;
			productName = YLSlideViewDemoUITests;
			productReference = 59F2E1811C20677800D5E078 /* YLSlideViewDemoUITests.xctest */;
			productType = "com.apple.product-type.bundle.ui-testing";
		};
/* End PBXNativeTarget section */

/* Begin PBXProject section */
		59F2E1551C20677800D5E078 /* Project object */ = {
			isa = PBXProject;
			attributes = {
				LastUpgradeCheck = 0710;
				ORGANIZATIONNAME = "国平 杨";
				TargetAttributes = {
					59F2E15C1C20677800D5E078 = {
						CreatedOnToolsVersion = 7.1.1;
					};
					59F2E1751C20677800D5E078 = {
						CreatedOnToolsVersion = 7.1.1;
						TestTargetID = 59F2E15C1C20677800D5E078;
					};
					59F2E1801C20677800D5E078 = {
						CreatedOnToolsVersion = 7.1.1;
						TestTargetID = 59F2E15C1C20677800D5E078;
					};
				};
			};
			buildConfigurationList = 59F2E1581C20677800D5E078 /* Build configuration list for PBXProject "YLSlideViewDemo" */;
			compatibilityVersion = "Xcode 3.2";
			developmentRegion = English;
			hasScannedForEncodings = 0;
			knownRegions = (
				en,
				Base,
			);
			mainGroup = 59F2E1541C20677800D5E078;
			productRefGroup = 59F2E15E1C20677800D5E078 /* Products */;
			projectDirPath = "";
			projectRoot = "";
			targets = (
				59F2E15C1C20677800D5E078 /* YLSlideViewDemo */,
				59F2E1751C20677800D5E078 /* YLSlideViewDemoTests */,
				59F2E1801C20677800D5E078 /* YLSlideViewDemoUITests */,
			);
		};
/* End PBXProject section */

/* Begin PBXResourcesBuildPhase section */
		59F2E15B1C20677800D5E078 /* Resources */ = {
			isa = PBXResourcesBuildPhase;
			buildActionMask = 2147483647;
			files = (
				59F2E1701C20677800D5E078 /* LaunchScreen.storyboard in Resources */,
				59F2E16D1C20677800D5E078 /* Assets.xcassets in Resources */,
				18B6DDCF1C3F4EC100153E88 /* get.png in Resources */,
				59F2E16B1C20677800D5E078 /* Main.storyboard in Resources */,
			);
			runOnlyForDeploymentPostprocessing = 0;
		};
		59F2E1741C20677800D5E078 /* Resources */ = {
			isa = PBXResourcesBuildPhase;
			buildActionMask = 2147483647;
			files = (
			);
			runOnlyForDeploymentPostprocessing = 0;
		};
		59F2E17F1C20677800D5E078 /* Resources */ = {
			isa = PBXResourcesBuildPhase;
			buildActionMask = 2147483647;
			files = (
			);
			runOnlyForDeploymentPostprocessing = 0;
		};
/* End PBXResourcesBuildPhase section */

/* Begin PBXSourcesBuildPhase section */
		59F2E1591C20677800D5E078 /* Sources */ = {
			isa = PBXSourcesBuildPhase;
			buildActionMask = 2147483647;
			files = (
				18B6DDD51C3F501600153E88 /* YGPCacheDisk.m in Sources */,
				59F2E1681C20677800D5E078 /* ViewController.m in Sources */,
				59F2E1961C2067DF00D5E078 /* YLSlideTitleView.m in Sources */,
				18B6DDD81C3F52E500153E88 /* YGPCacheMemory.m in Sources */,
				59F2E19C1C20680D00D5E078 /* YLSlideCell.m in Sources */,
				59F2E1A01C20697200D5E078 /* YLSlideView.m in Sources */,
				18B6DDD21C3F4F1100153E88 /* YGPCache.m in Sources */,
				59F2E1651C20677800D5E078 /* AppDelegate.m in Sources */,
				59F2E1621C20677800D5E078 /* main.m in Sources */,
			);
			runOnlyForDeploymentPostprocessing = 0;
		};
		59F2E1721C20677800D5E078 /* Sources */ = {
			isa = PBXSourcesBuildPhase;
			buildActionMask = 2147483647;
			files = (
				59F2E17B1C20677800D5E078 /* YLSlideViewDemoTests.m in Sources */,
			);
			runOnlyForDeploymentPostprocessing = 0;
		};
		59F2E17D1C20677800D5E078 /* Sources */ = {
			isa = PBXSourcesBuildPhase;
			buildActionMask = 2147483647;
			files = (
				59F2E1861C20677800D5E078 /* YLSlideViewDemoUITests.m in Sources */,
			);
			runOnlyForDeploymentPostprocessing = 0;
		};
/* End PBXSourcesBuildPhase section */

/* Begin PBXTargetDependency section */
		59F2E1781C20677800D5E078 /* PBXTargetDependency */ = {
			isa = PBXTargetDependency;
			target = 59F2E15C1C20677800D5E078 /* YLSlideViewDemo */;
			targetProxy = 59F2E1771C20677800D5E078 /* PBXContainerItemProxy */;
		};
		59F2E1831C20677800D5E078 /* PBXTargetDependency */ = {
			isa = PBXTargetDependency;
			target = 59F2E15C1C20677800D5E078 /* YLSlideViewDemo */;
			targetProxy = 59F2E1821C20677800D5E078 /* PBXContainerItemProxy */;
		};
/* End PBXTargetDependency section */

/* Begin PBXVariantGroup section */
		59F2E1691C20677800D5E078 /* Main.storyboard */ = {
			isa = PBXVariantGroup;
			children = (
				59F2E16A1C20677800D5E078 /* Base */,
			);
			name = Main.storyboard;
			sourceTree = "<group>";
		};
		59F2E16E1C20677800D5E078 /* LaunchScreen.storyboard */ = {
			isa = PBXVariantGroup;
			children = (
				59F2E16F1C20677800D5E078 /* Base */,
			);
			name = LaunchScreen.storyboard;
			sourceTree = "<group>";
		};
/* End PBXVariantGroup section */

/* Begin XCBuildConfiguration section */
		59F2E1881C20677800D5E078 /* Debug */ = {
			isa = XCBuildConfiguration;
			buildSettings = {
				ALWAYS_SEARCH_USER_PATHS = NO;
				CLANG_CXX_LANGUAGE_STANDARD = "gnu++0x";
				CLANG_CXX_LIBRARY = "libc++";
				CLANG_ENABLE_MODULES = YES;
				CLANG_ENABLE_OBJC_ARC = YES;
				CLANG_WARN_BOOL_CONVERSION = YES;
				CLANG_WARN_CONSTANT_CONVERSION = YES;
				CLANG_WARN_DIRECT_OBJC_ISA_USAGE = YES_ERROR;
				CLANG_WARN_EMPTY_BODY = YES;
				CLANG_WARN_ENUM_CONVERSION = YES;
				CLANG_WARN_INT_CONVERSION = YES;
				CLANG_WARN_OBJC_ROOT_CLASS = YES_ERROR;
				CLANG_WARN_UNREACHABLE_CODE = YES;
				CLANG_WARN__DUPLICATE_METHOD_MATCH = YES;
				"CODE_SIGN_IDENTITY[sdk=iphoneos*]" = "iPhone Developer";
				COPY_PHASE_STRIP = NO;
				DEBUG_INFORMATION_FORMAT = dwarf;
				ENABLE_STRICT_OBJC_MSGSEND = YES;
				ENABLE_TESTABILITY = YES;
				GCC_C_LANGUAGE_STANDARD = gnu99;
				GCC_DYNAMIC_NO_PIC = NO;
				GCC_NO_COMMON_BLOCKS = YES;
				GCC_OPTIMIZATION_LEVEL = 0;
				GCC_PREPROCESSOR_DEFINITIONS = (
					"DEBUG=1",
					"$(inherited)",
				);
				GCC_WARN_64_TO_32_BIT_CONVERSION = YES;
				GCC_WARN_ABOUT_RETURN_TYPE = YES_ERROR;
				GCC_WARN_UNDECLARED_SELECTOR = YES;
				GCC_WARN_UNINITIALIZED_AUTOS = YES_AGGRESSIVE;
				GCC_WARN_UNUSED_FUNCTION = YES;
				GCC_WARN_UNUSED_VARIABLE = YES;
				IPHONEOS_DEPLOYMENT_TARGET = 9.1;
				MTL_ENABLE_DEBUG_INFO = YES;
				ONLY_ACTIVE_ARCH = YES;
				SDKROOT = iphoneos;
			};
			name = Debug;
		};
		59F2E1891C20677800D5E078 /* Release */ = {
			isa = XCBuildConfiguration;
			buildSettings = {
				ALWAYS_SEARCH_USER_PATHS = NO;
				CLANG_CXX_LANGUAGE_STANDARD = "gnu++0x";
				CLANG_CXX_LIBRARY = "libc++";
				CLANG_ENABLE_MODULES = YES;
				CLANG_ENABLE_OBJC_ARC = YES;
				CLANG_WARN_BOOL_CONVERSION = YES;
				CLANG_WARN_CONSTANT_CONVERSION = YES;
				CLANG_WARN_DIRECT_OBJC_ISA_USAGE = YES_ERROR;
				CLANG_WARN_EMPTY_BODY = YES;
				CLANG_WARN_ENUM_CONVERSION = YES;
				CLANG_WARN_INT_CONVERSION = YES;
				CLANG_WARN_OBJC_ROOT_CLASS = YES_ERROR;
				CLANG_WARN_UNREACHABLE_CODE = YES;
				CLANG_WARN__DUPLICATE_METHOD_MATCH = YES;
				"CODE_SIGN_IDENTITY[sdk=iphoneos*]" = "iPhone Developer";
				COPY_PHASE_STRIP = NO;
				DEBUG_INFORMATION_FORMAT = "dwarf-with-dsym";
				ENABLE_NS_ASSERTIONS = NO;
				ENABLE_STRICT_OBJC_MSGSEND = YES;
				GCC_C_LANGUAGE_STANDARD = gnu99;
				GCC_NO_COMMON_BLOCKS = YES;
				GCC_WARN_64_TO_32_BIT_CONVERSION = YES;
				GCC_WARN_ABOUT_RETURN_TYPE = YES_ERROR;
				GCC_WARN_UNDECLARED_SELECTOR = YES;
				GCC_WARN_UNINITIALIZED_AUTOS = YES_AGGRESSIVE;
				GCC_WARN_UNUSED_FUNCTION = YES;
				GCC_WARN_UNUSED_VARIABLE = YES;
				IPHONEOS_DEPLOYMENT_TARGET = 9.1;
				MTL_ENABLE_DEBUG_INFO = NO;
				SDKROOT = iphoneos;
				VALIDATE_PRODUCT = YES;
			};
			name = Release;
		};
		59F2E18B1C20677800D5E078 /* Debug */ = {
			isa = XCBuildConfiguration;
			buildSettings = {
				ASSETCATALOG_COMPILER_APPICON_NAME = AppIcon;
				INFOPLIST_FILE = YLSlideViewDemo/Info.plist;
				IPHONEOS_DEPLOYMENT_TARGET = 8.2;
				LD_RUNPATH_SEARCH_PATHS = "$(inherited) @executable_path/Frameworks";
				PRODUCT_BUNDLE_IDENTIFIER = sa.YLSlideViewDemo;
				PRODUCT_NAME = "$(TARGET_NAME)";
			};
			name = Debug;
		};
		59F2E18C1C20677800D5E078 /* Release */ = {
			isa = XCBuildConfiguration;
			buildSettings = {
				ASSETCATALOG_COMPILER_APPICON_NAME = AppIcon;
				INFOPLIST_FILE = YLSlideViewDemo/Info.plist;
				IPHONEOS_DEPLOYMENT_TARGET = 8.2;
				LD_RUNPATH_SEARCH_PATHS = "$(inherited) @executable_path/Frameworks";
				PRODUCT_BUNDLE_IDENTIFIER = sa.YLSlideViewDemo;
				PRODUCT_NAME = "$(TARGET_NAME)";
			};
			name = Release;
		};
		59F2E18E1C20677800D5E078 /* Debug */ = {
			isa = XCBuildConfiguration;
			buildSettings = {
				BUNDLE_LOADER = "$(TEST_HOST)";
				INFOPLIST_FILE = YLSlideViewDemoTests/Info.plist;
				LD_RUNPATH_SEARCH_PATHS = "$(inherited) @executable_path/Frameworks @loader_path/Frameworks";
				PRODUCT_BUNDLE_IDENTIFIER = sa.YLSlideViewDemoTests;
				PRODUCT_NAME = "$(TARGET_NAME)";
				TEST_HOST = "$(BUILT_PRODUCTS_DIR)/YLSlideViewDemo.app/YLSlideViewDemo";
			};
			name = Debug;
		};
		59F2E18F1C20677800D5E078 /* Release */ = {
			isa = XCBuildConfiguration;
			buildSettings = {
				BUNDLE_LOADER = "$(TEST_HOST)";
				INFOPLIST_FILE = YLSlideViewDemoTests/Info.plist;
				LD_RUNPATH_SEARCH_PATHS = "$(inherited) @executable_path/Frameworks @loader_path/Frameworks";
				PRODUCT_BUNDLE_IDENTIFIER = sa.YLSlideViewDemoTests;
				PRODUCT_NAME = "$(TARGET_NAME)";
				TEST_HOST = "$(BUILT_PRODUCTS_DIR)/YLSlideViewDemo.app/YLSlideViewDemo";
			};
			name = Release;
		};
		59F2E1911C20677800D5E078 /* Debug */ = {
			isa = XCBuildConfiguration;
			buildSettings = {
				INFOPLIST_FILE = YLSlideViewDemoUITests/Info.plist;
				LD_RUNPATH_SEARCH_PATHS = "$(inherited) @executable_path/Frameworks @loader_path/Frameworks";
				PRODUCT_BUNDLE_IDENTIFIER = sa.YLSlideViewDemoUITests;
				PRODUCT_NAME = "$(TARGET_NAME)";
				TEST_TARGET_NAME = YLSlideViewDemo;
				USES_XCTRUNNER = YES;
			};
			name = Debug;
		};
		59F2E1921C20677800D5E078 /* Release */ = {
			isa = XCBuildConfiguration;
			buildSettings = {
				INFOPLIST_FILE = YLSlideViewDemoUITests/Info.plist;
				LD_RUNPATH_SEARCH_PATHS = "$(inherited) @executable_path/Frameworks @loader_path/Frameworks";
				PRODUCT_BUNDLE_IDENTIFIER = sa.YLSlideViewDemoUITests;
				PRODUCT_NAME = "$(TARGET_NAME)";
				TEST_TARGET_NAME = YLSlideViewDemo;
				USES_XCTRUNNER = YES;
			};
			name = Release;
		};
/* End XCBuildConfiguration section */

/* Begin XCConfigurationList section */
		59F2E1581C20677800D5E078 /* Build configuration list for PBXProject "YLSlideViewDemo" */ = {
			isa = XCConfigurationList;
			buildConfigurations = (
				59F2E1881C20677800D5E078 /* Debug */,
				59F2E1891C20677800D5E078 /* Release */,
			);
			defaultConfigurationIsVisible = 0;
			defaultConfigurationName = Release;
		};
		59F2E18A1C20677800D5E078 /* Build configuration list for PBXNativeTarget "YLSlideViewDemo" */ = {
			isa = XCConfigurationList;
			buildConfigurations = (
				59F2E18B1C20677800D5E078 /* Debug */,
				59F2E18C1C20677800D5E078 /* Release */,
			);
			defaultConfigurationIsVisible = 0;
			defaultConfigurationName = Release;
		};
		59F2E18D1C20677800D5E078 /* Build configuration list for PBXNativeTarget "YLSlideViewDemoTests" */ = {
			isa = XCConfigurationList;
			buildConfigurations = (
				59F2E18E1C20677800D5E078 /* Debug */,
				59F2E18F1C20677800D5E078 /* Release */,
			);
			defaultConfigurationIsVisible = 0;
			defaultConfigurationName = Release;
		};
		59F2E1901C20677800D5E078 /* Build configuration list for PBXNativeTarget "YLSlideViewDemoUITests" */ = {
			isa = XCConfigurationList;
			buildConfigurations = (
				59F2E1911C20677800D5E078 /* Debug */,
				59F2E1921C20677800D5E078 /* Release */,
			);
			defaultConfigurationIsVisible = 0;
			defaultConfigurationName = Release;
		};
/* End XCConfigurationList section */
	};
	rootObject = 59F2E1551C20677800D5E078 /* Project object */;
}
